
Microsoft Visual Studio Solution File, Format Version 12.00
# Visual Studio Version 17
VisualStudioVersion = 17.5.33627.172
MinimumVisualStudioVersion = 10.0.40219.1
Project("{9A19103F-16F7-4668-BE54-9A1E7A4F7556}") = "POO2", "POO2.csproj", "{D649E7FC-CEB9-4628-B12F-53D2A73B89B1}"
EndProject
Global
	GlobalSection(SolutionConfigurationPlatforms) = preSolution
		Debug|Any CPU = Debug|Any CPU
		Release|Any CPU = Release|Any CPU
	EndGlobalSection
	GlobalSection(ProjectConfigurationPlatforms) = postSolution
		{D649E7FC-CEB9-4628-B12F-53D2A73B89B1}.Debug|Any CPU.ActiveCfg = Debug|Any CPU
		{D649E7FC-CEB9-4628-B12F-53D2A73B89B1}.Debug|Any CPU.Build.0 = Debug|Any CPU
		{D649E7FC-CEB9-4628-B12F-53D2A73B89B1}.Release|Any CPU.ActiveCfg = Release|Any CPU
		{D649E7FC-CEB9-4628-B12F-53D2A73B89B1}.Release|Any CPU.Build.0 = Release|Any CPU
	EndGlobalSection
	GlobalSection(SolutionProperties) = preSolution
		HideSolutionNode = FALSE
	EndGlobalSection
	GlobalSection(ExtensibilityGlobals) = postSolution
		SolutionGuid = {6965A73A-37B0-4487-814A-DB2A3D60BCBE}
	EndGlobalSection
EndGlobal
